{
  "version": 4,
  "terraform_version": "1.3.9",
  "serial": 30,
  "lineage": "872e6c0d-caec-924b-db30-7d0d215a3bd5",
  "outputs": {
    "all-availability-domains-in-your-tenancy": {
      "value": [
        {
          "compartment_id": "ocid1.tenancy.oc1..aaaaaaaahndhbxpaem2rfq45mq7rddbwqij4b3e66erdgtsrqixc2bqmt4pa",
          "id": "ocid1.availabilitydomain.oc1..aaaaaaaaa2artt5wizbqvwl3rgptylx2l7jqbnyv4dygcfvlrd3dphvi3mdq",
          "name": "CaeM:EU-FRANKFURT-1-AD-1"
        },
        {
          "compartment_id": "ocid1.tenancy.oc1..aaaaaaaahndhbxpaem2rfq45mq7rddbwqij4b3e66erdgtsrqixc2bqmt4pa",
          "id": "ocid1.availabilitydomain.oc1..aaaaaaaalcdcbl7u6akbmkojxhrozpj2v7yavqqydkj3ytyjbt47lnoqnm2q",
          "name": "CaeM:EU-FRANKFURT-1-AD-2"
        },
        {
          "compartment_id": "ocid1.tenancy.oc1..aaaaaaaahndhbxpaem2rfq45mq7rddbwqij4b3e66erdgtsrqixc2bqmt4pa",
          "id": "ocid1.availabilitydomain.oc1..aaaaaaaaiifj24st3w4j7cowuo3pmqcuqwjapjv435vtjmgh5j7q3flguwna",
          "name": "CaeM:EU-FRANKFURT-1-AD-3"
        }
      ],
      "type": [
        "list",
        [
          "object",
          {
            "compartment_id": "string",
            "id": "string",
            "name": "string"
          }
        ]
      ]
    },
    "cluster-OCID": {
      "value": "ocid1.cluster.oc1.eu-frankfurt-1.aaaaaaaas2q5nsum6e6ejkqfjnahjujgf24l2kigirki642v5cugbb3bwgla",
      "type": "string"
    },
    "cluster-kubernetes-version": {
      "value": "v1.27.2",
      "type": "string"
    },
    "cluster-name": {
      "value": "k8s-sre-staging",
      "type": "string"
    },
    "cluster-state": {
      "value": "ACTIVE",
      "type": "string"
    },
    "compartment-OCID": {
      "value": "ocid1.compartment.oc1..aaaaaaaavevifkiz56pfyb6j4b3pgbdlr2vkez2on3nlhzbpa6potwprrykq",
      "type": "string"
    },
    "compartment-name": {
      "value": "TF-SRE",
      "type": "string"
    },
    "id-for-for-route-table-that-includes-the-nat-gateway": {
      "value": "ocid1.routetable.oc1.eu-frankfurt-1.aaaaaaaa37ayslywtxs3iacfa6xc3f4ebvdvcbqc7tclziatvl7q2ja4ng4a",
      "type": "string"
    },
    "id-for-route-table-that-includes-the-internet-gateway": {
      "value": "ocid1.routetable.oc1.eu-frankfurt-1.aaaaaaaatg4asxig2qyrhziwidynzcuomrp6x5vchkrhvhaaaudfj3lphvka",
      "type": "string"
    },
    "name-of-first-availability-domain": {
      "value": "CaeM:EU-FRANKFURT-1-AD-1",
      "type": "string"
    },
    "nat-gateway-id": {
      "value": "ocid1.natgateway.oc1.eu-frankfurt-1.aaaaaaaadltb3v33d3kvug7thgqi3cg6sbvlzknryneq7ehggzvpqcxulaxa",
      "type": "string"
    },
    "node-pool-OCID": {
      "value": "ocid1.nodepool.oc1.eu-frankfurt-1.aaaaaaaacsfon4b6gfk24om6m33g7gvslzoltxeiztzrw4uyjn5fj5njvl3q",
      "type": "string"
    },
    "node-pool-kubernetes-version": {
      "value": "v1.27.2",
      "type": "string"
    },
    "node-pool-name": {
      "value": "pool1",
      "type": "string"
    },
    "node-shape": {
      "value": "VM.Standard.E3.Flex",
      "type": "string"
    },
    "node-size": {
      "value": 3,
      "type": "number"
    },
    "private-security-list-OCID": {
      "value": "ocid1.securitylist.oc1.eu-frankfurt-1.aaaaaaaa2wil6msrglc6ds52nz5h763akqmywhrmfo6rjoew5czvnom3sb4q",
      "type": "string"
    },
    "private-security-list-name": {
      "value": "security-list-for-private-subnet",
      "type": "string"
    },
    "private-subnet-OCID": {
      "value": "ocid1.subnet.oc1.eu-frankfurt-1.aaaaaaaaqky2mqkgwyio3svtc2lphkay7qjr43lti3jdfefsj6fxiqq5fdzq",
      "type": "string"
    },
    "private-subnet-name": {
      "value": "private-subnet",
      "type": "string"
    },
    "public-security-list-OCID": {
      "value": "ocid1.securitylist.oc1.eu-frankfurt-1.aaaaaaaawmsymmiagvj2n32a2hqhve55ogdo2y566waduixd5aviskddo6sq",
      "type": "string"
    },
    "public-security-list-name": {
      "value": "security-list-for-public-subnet",
      "type": "string"
    },
    "public-subnet-OCID": {
      "value": "ocid1.subnet.oc1.eu-frankfurt-1.aaaaaaaa2ogrrxfwi2tp4j5c3swjowsskxh53drer5vvp5dxpdge5hkn7zzq",
      "type": "string"
    },
    "public-subnet-name": {
      "value": "public-subnet",
      "type": "string"
    },
    "vcn_id": {
      "value": "ocid1.vcn.oc1.eu-frankfurt-1.amaaaaaacrw3deaalfkczjo74pjvkgm2k6eflidbklpsqt322owv63ft6yuq",
      "type": "string"
    }
  },
  "resources": [
    {
      "mode": "data",
      "type": "oci_identity_availability_domains",
      "name": "ads",
      "provider": "provider[\"registry.terraform.io/oracle/oci\"]",
      "instances": [
        {
          "schema_version": 0,
          "attributes": {
            "availability_domains": [
              {
                "compartment_id": "ocid1.tenancy.oc1..aaaaaaaahndhbxpaem2rfq45mq7rddbwqij4b3e66erdgtsrqixc2bqmt4pa",
                "id": "ocid1.availabilitydomain.oc1..aaaaaaaaa2artt5wizbqvwl3rgptylx2l7jqbnyv4dygcfvlrd3dphvi3mdq",
                "name": "CaeM:EU-FRANKFURT-1-AD-1"
              },
              {
                "compartment_id": "ocid1.tenancy.oc1..aaaaaaaahndhbxpaem2rfq45mq7rddbwqij4b3e66erdgtsrqixc2bqmt4pa",
                "id": "ocid1.availabilitydomain.oc1..aaaaaaaalcdcbl7u6akbmkojxhrozpj2v7yavqqydkj3ytyjbt47lnoqnm2q",
                "name": "CaeM:EU-FRANKFURT-1-AD-2"
              },
              {
                "compartment_id": "ocid1.tenancy.oc1..aaaaaaaahndhbxpaem2rfq45mq7rddbwqij4b3e66erdgtsrqixc2bqmt4pa",
                "id": "ocid1.availabilitydomain.oc1..aaaaaaaaiifj24st3w4j7cowuo3pmqcuqwjapjv435vtjmgh5j7q3flguwna",
                "name": "CaeM:EU-FRANKFURT-1-AD-3"
              }
            ],
            "compartment_id": "ocid1.tenancy.oc1..aaaaaaaahndhbxpaem2rfq45mq7rddbwqij4b3e66erdgtsrqixc2bqmt4pa",
            "filter": null,
            "id": "IdentityAvailabilityDomainsDataSource-1471159851"
          },
          "sensitive_attributes": []
        }
      ]
    },
    {
      "mode": "managed",
      "type": "oci_containerengine_cluster",
      "name": "oke-cluster",
      "provider": "provider[\"registry.terraform.io/oracle/oci\"]",
      "instances": [
        {
          "schema_version": 0,
          "attributes": {
            "available_kubernetes_upgrades": [],
            "cluster_pod_network_options": [
              {
                "cni_type": "FLANNEL_OVERLAY"
              }
            ],
            "compartment_id": "ocid1.compartment.oc1..aaaaaaaavevifkiz56pfyb6j4b3pgbdlr2vkez2on3nlhzbpa6potwprrykq",
            "defined_tags": {
              "Oracle-Tags.CreatedBy": "default/steve.libaros@atos.net",
              "Oracle-Tags.CreatedOn": "2023-12-11T10:00:30.987Z"
            },
            "endpoint_config": [
              {
                "is_public_ip_enabled": true,
                "nsg_ids": [],
                "subnet_id": "ocid1.subnet.oc1.eu-frankfurt-1.aaaaaaaa2ogrrxfwi2tp4j5c3swjowsskxh53drer5vvp5dxpdge5hkn7zzq"
              }
            ],
            "endpoints": [
              {
                "kubernetes": "",
                "private_endpoint": "10.10.0.143:6443",
                "public_endpoint": "130.162.41.103:6443",
                "vcn_hostname_endpoint": ""
              }
            ],
            "freeform_tags": {},
            "id": "ocid1.cluster.oc1.eu-frankfurt-1.aaaaaaaas2q5nsum6e6ejkqfjnahjujgf24l2kigirki642v5cugbb3bwgla",
            "image_policy_config": [
              {
                "is_policy_enabled": false,
                "key_details": []
              }
            ],
            "kms_key_id": null,
            "kubernetes_version": "v1.27.2",
            "lifecycle_details": null,
            "metadata": [
              {
                "created_by_user_id": "ocid1.user.oc1..aaaaaaaa7btqidnnc5ohiw4na4sx32hl3l3n2n6jvpdjwpmqqc4joswo5vyq",
                "created_by_work_request_id": "ocid1.clustersworkrequest.oc1.eu-frankfurt-1.aaaaaaaaleelg7j56tgvzl6qyyp4jh6iztydjiiulkj52ik7qwv2iyug5fuq",
                "deleted_by_user_id": "",
                "deleted_by_work_request_id": "",
                "time_created": "2023-12-11 10:00:31 +0000 UTC",
                "time_credential_expiration": "2028-12-11 10:01:23 +0000 UTC",
                "time_deleted": "",
                "time_updated": "2023-12-11 10:34:52 +0000 UTC",
                "updated_by_user_id": "ocid1.user.oc1..aaaaaaaa7btqidnnc5ohiw4na4sx32hl3l3n2n6jvpdjwpmqqc4joswo5vyq",
                "updated_by_work_request_id": "ocid1.clustersworkrequest.oc1.eu-frankfurt-1.aaaaaaaaptlpmumlzvrrpittxitvyvjzb3rpsv5s4rousxzjtwczeuh7ntpa"
              }
            ],
            "name": "k8s-sre-staging",
            "options": [
              {
                "add_ons": [
                  {
                    "is_kubernetes_dashboard_enabled": false,
                    "is_tiller_enabled": false
                  }
                ],
                "admission_controller_options": [
                  {
                    "is_pod_security_policy_enabled": false
                  }
                ],
                "kubernetes_network_config": [
                  {
                    "pods_cidr": "10.244.0.0/16",
                    "services_cidr": "10.96.0.0/16"
                  }
                ],
                "persistent_volume_config": [
                  {
                    "defined_tags": {},
                    "freeform_tags": {}
                  }
                ],
                "service_lb_config": [
                  {
                    "defined_tags": {},
                    "freeform_tags": {}
                  }
                ],
                "service_lb_subnet_ids": [
                  "ocid1.subnet.oc1.eu-frankfurt-1.aaaaaaaa2ogrrxfwi2tp4j5c3swjowsskxh53drer5vvp5dxpdge5hkn7zzq"
                ]
              }
            ],
            "state": "ACTIVE",
            "timeouts": null,
            "type": "BASIC_CLUSTER",
            "vcn_id": "ocid1.vcn.oc1.eu-frankfurt-1.amaaaaaacrw3deaalfkczjo74pjvkgm2k6eflidbklpsqt322owv63ft6yuq"
          },
          "sensitive_attributes": [],
          "private": "eyJlMmJmYjczMC1lY2FhLTExZTYtOGY4OC0zNDM2M2JjN2M0YzAiOnsiY3JlYXRlIjozNjAwMDAwMDAwMDAwLCJkZWxldGUiOjM2MDAwMDAwMDAwMDAsInVwZGF0ZSI6MzYwMDAwMDAwMDAwMH19",
          "dependencies": [
            "module.vcn.oci_core_vcn.vcn",
            "oci_core_subnet.vcn-public-subnet",
            "oci_identity_compartment.tf-compartment"
          ]
        }
      ]
    },
    {
      "mode": "managed",
      "type": "oci_containerengine_node_pool",
      "name": "oke-node-pool",
      "provider": "provider[\"registry.terraform.io/oracle/oci\"]",
      "instances": [
        {
          "schema_version": 0,
          "attributes": {
            "cluster_id": "ocid1.cluster.oc1.eu-frankfurt-1.aaaaaaaas2q5nsum6e6ejkqfjnahjujgf24l2kigirki642v5cugbb3bwgla",
            "compartment_id": "ocid1.compartment.oc1..aaaaaaaavevifkiz56pfyb6j4b3pgbdlr2vkez2on3nlhzbpa6potwprrykq",
            "defined_tags": {
              "Oracle-Tags.CreatedBy": "default/steve.libaros@atos.net",
              "Oracle-Tags.CreatedOn": "2023-12-11T10:28:57.907Z"
            },
            "freeform_tags": {},
            "id": "ocid1.nodepool.oc1.eu-frankfurt-1.aaaaaaaacsfon4b6gfk24om6m33g7gvslzoltxeiztzrw4uyjn5fj5njvl3q",
            "initial_node_labels": [
              {
                "key": "name",
                "value": "k8s-sre-staging"
              }
            ],
            "kubernetes_version": "v1.27.2",
            "lifecycle_details": null,
            "name": "pool1",
            "node_config_details": [
              {
                "defined_tags": {},
                "freeform_tags": {},
                "is_pv_encryption_in_transit_enabled": false,
                "kms_key_id": "",
                "node_pool_pod_network_option_details": [
                  {
                    "cni_type": "FLANNEL_OVERLAY",
                    "max_pods_per_node": 0,
                    "pod_nsg_ids": [],
                    "pod_subnet_ids": []
                  }
                ],
                "nsg_ids": [],
                "placement_configs": [
                  {
                    "availability_domain": "CaeM:EU-FRANKFURT-1-AD-1",
                    "capacity_reservation_id": "",
                    "fault_domains": [],
                    "preemptible_node_config": [],
                    "subnet_id": "ocid1.subnet.oc1.eu-frankfurt-1.aaaaaaaaqky2mqkgwyio3svtc2lphkay7qjr43lti3jdfefsj6fxiqq5fdzq"
                  },
                  {
                    "availability_domain": "CaeM:EU-FRANKFURT-1-AD-2",
                    "capacity_reservation_id": "",
                    "fault_domains": [],
                    "preemptible_node_config": [],
                    "subnet_id": "ocid1.subnet.oc1.eu-frankfurt-1.aaaaaaaaqky2mqkgwyio3svtc2lphkay7qjr43lti3jdfefsj6fxiqq5fdzq"
                  },
                  {
                    "availability_domain": "CaeM:EU-FRANKFURT-1-AD-3",
                    "capacity_reservation_id": "",
                    "fault_domains": [],
                    "preemptible_node_config": [],
                    "subnet_id": "ocid1.subnet.oc1.eu-frankfurt-1.aaaaaaaaqky2mqkgwyio3svtc2lphkay7qjr43lti3jdfefsj6fxiqq5fdzq"
                  }
                ],
                "size": 3
              }
            ],
            "node_eviction_node_pool_settings": [],
            "node_image_id": "ocid1.image.oc1.eu-frankfurt-1.aaaaaaaad6yd35dgltyh4jsoda2s3tgi2dgxcqh6q52ab7txdkz5u6ihc2wa",
            "node_image_name": "Oracle-Linux-8.8-2023.07.31-1-OKE-1.27.2-633",
            "node_metadata": {},
            "node_pool_cycling_details": [],
            "node_shape": "VM.Standard.E3.Flex",
            "node_shape_config": [
              {
                "memory_in_gbs": 16,
                "ocpus": 1
              }
            ],
            "node_source": [
              {
                "image_id": "ocid1.image.oc1.eu-frankfurt-1.aaaaaaaad6yd35dgltyh4jsoda2s3tgi2dgxcqh6q52ab7txdkz5u6ihc2wa",
                "source_name": "Oracle-Linux-8.8-2023.07.31-1-OKE-1.27.2-633",
                "source_type": "IMAGE"
              }
            ],
            "node_source_details": [
              {
                "boot_volume_size_in_gbs": "50",
                "image_id": "ocid1.image.oc1.eu-frankfurt-1.aaaaaaaad6yd35dgltyh4jsoda2s3tgi2dgxcqh6q52ab7txdkz5u6ihc2wa",
                "source_type": "IMAGE"
              }
            ],
            "nodes": [
              {
                "availability_domain": "CaeM:EU-FRANKFURT-1-AD-1",
                "defined_tags": {},
                "error": [],
                "fault_domain": "FAULT-DOMAIN-1",
                "freeform_tags": {},
                "id": "ocid1.instance.oc1.eu-frankfurt-1.antheljscrw3deacu3piqa3ylkyzz2o633bcyvcqgpu5kyb7nggb6th62xjq",
                "kubernetes_version": "v1.27.2",
                "lifecycle_details": "",
                "name": "oke-cugbb3bwgla-n5fj5njvl3q-sfxiqq5fdzq-0",
                "node_pool_id": "ocid1.nodepool.oc1.eu-frankfurt-1.aaaaaaaacsfon4b6gfk24om6m33g7gvslzoltxeiztzrw4uyjn5fj5njvl3q",
                "private_ip": "10.10.1.4",
                "public_ip": "130.61.180.187",
                "state": "ACTIVE",
                "subnet_id": "ocid1.subnet.oc1.eu-frankfurt-1.aaaaaaaaqky2mqkgwyio3svtc2lphkay7qjr43lti3jdfefsj6fxiqq5fdzq"
              },
              {
                "availability_domain": "CaeM:EU-FRANKFURT-1-AD-2",
                "defined_tags": {},
                "error": [],
                "fault_domain": "FAULT-DOMAIN-2",
                "freeform_tags": {},
                "id": "ocid1.instance.oc1.eu-frankfurt-1.antheljtcrw3deacb23iqpvy672sqaa4g4rvw7jfrejyip6zkacesprp2gva",
                "kubernetes_version": "v1.27.2",
                "lifecycle_details": "",
                "name": "oke-cugbb3bwgla-n5fj5njvl3q-sfxiqq5fdzq-1",
                "node_pool_id": "ocid1.nodepool.oc1.eu-frankfurt-1.aaaaaaaacsfon4b6gfk24om6m33g7gvslzoltxeiztzrw4uyjn5fj5njvl3q",
                "private_ip": "10.10.1.214",
                "public_ip": "130.61.187.130",
                "state": "ACTIVE",
                "subnet_id": "ocid1.subnet.oc1.eu-frankfurt-1.aaaaaaaaqky2mqkgwyio3svtc2lphkay7qjr43lti3jdfefsj6fxiqq5fdzq"
              },
              {
                "availability_domain": "CaeM:EU-FRANKFURT-1-AD-3",
                "defined_tags": {},
                "error": [],
                "fault_domain": "FAULT-DOMAIN-3",
                "freeform_tags": {},
                "id": "ocid1.instance.oc1.eu-frankfurt-1.antheljrcrw3deaci2k6kpagqudzyiii3zfzrncgqwbetcdi6rt2e3avmbuq",
                "kubernetes_version": "v1.27.2",
                "lifecycle_details": "",
                "name": "oke-cugbb3bwgla-n5fj5njvl3q-sfxiqq5fdzq-2",
                "node_pool_id": "ocid1.nodepool.oc1.eu-frankfurt-1.aaaaaaaacsfon4b6gfk24om6m33g7gvslzoltxeiztzrw4uyjn5fj5njvl3q",
                "private_ip": "10.10.1.160",
                "public_ip": "130.61.101.30",
                "state": "ACTIVE",
                "subnet_id": "ocid1.subnet.oc1.eu-frankfurt-1.aaaaaaaaqky2mqkgwyio3svtc2lphkay7qjr43lti3jdfefsj6fxiqq5fdzq"
              }
            ],
            "quantity_per_subnet": 0,
            "ssh_public_key": null,
            "state": "ACTIVE",
            "subnet_ids": [
              "ocid1.subnet.oc1.eu-frankfurt-1.aaaaaaaaqky2mqkgwyio3svtc2lphkay7qjr43lti3jdfefsj6fxiqq5fdzq"
            ],
            "timeouts": null
          },
          "sensitive_attributes": [],
          "private": "eyJlMmJmYjczMC1lY2FhLTExZTYtOGY4OC0zNDM2M2JjN2M0YzAiOnsiY3JlYXRlIjozMDAwMDAwMDAwMDAwLCJkZWxldGUiOjMwMDAwMDAwMDAwMDAsInVwZGF0ZSI6MzAwMDAwMDAwMDAwMH19",
          "dependencies": [
            "data.oci_identity_availability_domains.ads",
            "module.vcn.oci_core_vcn.vcn",
            "oci_containerengine_cluster.oke-cluster",
            "oci_core_subnet.vcn-private-subnet",
            "oci_core_subnet.vcn-public-subnet",
            "oci_identity_compartment.tf-compartment"
          ]
        }
      ]
    },
    {
      "mode": "managed",
      "type": "oci_core_security_list",
      "name": "private-security-list",
      "provider": "provider[\"registry.terraform.io/oracle/oci\"]",
      "instances": [
        {
          "schema_version": 0,
          "attributes": {
            "compartment_id": "ocid1.compartment.oc1..aaaaaaaavevifkiz56pfyb6j4b3pgbdlr2vkez2on3nlhzbpa6potwprrykq",
            "defined_tags": {
              "Oracle-Tags.CreatedBy": "default/steve.libaros@atos.net",
              "Oracle-Tags.CreatedOn": "2023-12-11T09:59:44.149Z"
            },
            "display_name": "security-list-for-private-subnet",
            "egress_security_rules": [
              {
                "description": "",
                "destination": "0.0.0.0/0",
                "destination_type": "CIDR_BLOCK",
                "icmp_options": [],
                "protocol": "all",
                "stateless": false,
                "tcp_options": [],
                "udp_options": []
              }
            ],
            "freeform_tags": {},
            "id": "ocid1.securitylist.oc1.eu-frankfurt-1.aaaaaaaa2wil6msrglc6ds52nz5h763akqmywhrmfo6rjoew5czvnom3sb4q",
            "ingress_security_rules": [
              {
                "description": "",
                "icmp_options": [
                  {
                    "code": -1,
                    "type": 3
                  }
                ],
                "protocol": "1",
                "source": "10.10.0.0/16",
                "source_type": "CIDR_BLOCK",
                "stateless": false,
                "tcp_options": [],
                "udp_options": []
              },
              {
                "description": "",
                "icmp_options": [
                  {
                    "code": 4,
                    "type": 3
                  }
                ],
                "protocol": "1",
                "source": "0.0.0.0/0",
                "source_type": "CIDR_BLOCK",
                "stateless": false,
                "tcp_options": [],
                "udp_options": []
              },
              {
                "description": "",
                "icmp_options": [],
                "protocol": "6",
                "source": "10.10.0.0/16",
                "source_type": "CIDR_BLOCK",
                "stateless": false,
                "tcp_options": [
                  {
                    "max": 22,
                    "min": 22,
                    "source_port_range": []
                  }
                ],
                "udp_options": []
              },
              {
                "description": "",
                "icmp_options": [],
                "protocol": "all",
                "source": "0.0.0.0/0",
                "source_type": "CIDR_BLOCK",
                "stateless": false,
                "tcp_options": [],
                "udp_options": []
              }
            ],
            "state": "AVAILABLE",
            "time_created": "2023-12-11 09:59:44.187 +0000 UTC",
            "timeouts": null,
            "vcn_id": "ocid1.vcn.oc1.eu-frankfurt-1.amaaaaaacrw3deaalfkczjo74pjvkgm2k6eflidbklpsqt322owv63ft6yuq"
          },
          "sensitive_attributes": [],
          "private": "eyJlMmJmYjczMC1lY2FhLTExZTYtOGY4OC0zNDM2M2JjN2M0YzAiOnsiY3JlYXRlIjoxMjAwMDAwMDAwMDAwLCJkZWxldGUiOjEyMDAwMDAwMDAwMDAsInVwZGF0ZSI6MTIwMDAwMDAwMDAwMH19",
          "dependencies": [
            "module.vcn.oci_core_vcn.vcn",
            "oci_identity_compartment.tf-compartment"
          ]
        }
      ]
    },
    {
      "mode": "managed",
      "type": "oci_core_security_list",
      "name": "public-security-list",
      "provider": "provider[\"registry.terraform.io/oracle/oci\"]",
      "instances": [
        {
          "schema_version": 0,
          "attributes": {
            "compartment_id": "ocid1.compartment.oc1..aaaaaaaavevifkiz56pfyb6j4b3pgbdlr2vkez2on3nlhzbpa6potwprrykq",
            "defined_tags": {
              "Oracle-Tags.CreatedBy": "default/steve.libaros@atos.net",
              "Oracle-Tags.CreatedOn": "2023-12-11T09:59:44.143Z"
            },
            "display_name": "security-list-for-public-subnet",
            "egress_security_rules": [
              {
                "description": "",
                "destination": "0.0.0.0/0",
                "destination_type": "CIDR_BLOCK",
                "icmp_options": [],
                "protocol": "all",
                "stateless": false,
                "tcp_options": [],
                "udp_options": []
              }
            ],
            "freeform_tags": {},
            "id": "ocid1.securitylist.oc1.eu-frankfurt-1.aaaaaaaawmsymmiagvj2n32a2hqhve55ogdo2y566waduixd5aviskddo6sq",
            "ingress_security_rules": [
              {
                "description": "",
                "icmp_options": [
                  {
                    "code": -1,
                    "type": 3
                  }
                ],
                "protocol": "1",
                "source": "10.10.0.0/16",
                "source_type": "CIDR_BLOCK",
                "stateless": false,
                "tcp_options": [],
                "udp_options": []
              },
              {
                "description": "",
                "icmp_options": [
                  {
                    "code": 4,
                    "type": 3
                  }
                ],
                "protocol": "1",
                "source": "0.0.0.0/0",
                "source_type": "CIDR_BLOCK",
                "stateless": false,
                "tcp_options": [],
                "udp_options": []
              },
              {
                "description": "",
                "icmp_options": [],
                "protocol": "6",
                "source": "0.0.0.0/0",
                "source_type": "CIDR_BLOCK",
                "stateless": false,
                "tcp_options": [
                  {
                    "max": 22,
                    "min": 22,
                    "source_port_range": []
                  }
                ],
                "udp_options": []
              },
              {
                "description": "",
                "icmp_options": [],
                "protocol": "all",
                "source": "0.0.0.0/0",
                "source_type": "CIDR_BLOCK",
                "stateless": false,
                "tcp_options": [],
                "udp_options": []
              }
            ],
            "state": "AVAILABLE",
            "time_created": "2023-12-11 09:59:44.171 +0000 UTC",
            "timeouts": null,
            "vcn_id": "ocid1.vcn.oc1.eu-frankfurt-1.amaaaaaacrw3deaalfkczjo74pjvkgm2k6eflidbklpsqt322owv63ft6yuq"
          },
          "sensitive_attributes": [],
          "private": "eyJlMmJmYjczMC1lY2FhLTExZTYtOGY4OC0zNDM2M2JjN2M0YzAiOnsiY3JlYXRlIjoxMjAwMDAwMDAwMDAwLCJkZWxldGUiOjEyMDAwMDAwMDAwMDAsInVwZGF0ZSI6MTIwMDAwMDAwMDAwMH19",
          "dependencies": [
            "module.vcn.oci_core_vcn.vcn",
            "oci_identity_compartment.tf-compartment"
          ]
        }
      ]
    },
    {
      "mode": "managed",
      "type": "oci_core_subnet",
      "name": "vcn-private-subnet",
      "provider": "provider[\"registry.terraform.io/oracle/oci\"]",
      "instances": [
        {
          "schema_version": 0,
          "attributes": {
            "availability_domain": null,
            "cidr_block": "10.10.1.0/24",
            "compartment_id": "ocid1.compartment.oc1..aaaaaaaavevifkiz56pfyb6j4b3pgbdlr2vkez2on3nlhzbpa6potwprrykq",
            "defined_tags": {
              "Oracle-Tags.CreatedBy": "default/steve.libaros@atos.net",
              "Oracle-Tags.CreatedOn": "2023-12-11T09:59:44.866Z"
            },
            "dhcp_options_id": "ocid1.dhcpoptions.oc1.eu-frankfurt-1.aaaaaaaaq6yy2gsjfhx2kqieaysgx37igs2lwsowlqfq63vffuy3tacihhlq",
            "display_name": "private-subnet",
            "dns_label": null,
            "freeform_tags": {},
            "id": "ocid1.subnet.oc1.eu-frankfurt-1.aaaaaaaaqky2mqkgwyio3svtc2lphkay7qjr43lti3jdfefsj6fxiqq5fdzq",
            "ipv6cidr_block": null,
            "ipv6cidr_blocks": [],
            "ipv6virtual_router_ip": null,
            "prohibit_internet_ingress": false,
            "prohibit_public_ip_on_vnic": false,
            "route_table_id": "ocid1.routetable.oc1.eu-frankfurt-1.aaaaaaaa37ayslywtxs3iacfa6xc3f4ebvdvcbqc7tclziatvl7q2ja4ng4a",
            "security_list_ids": [
              "ocid1.securitylist.oc1.eu-frankfurt-1.aaaaaaaa2wil6msrglc6ds52nz5h763akqmywhrmfo6rjoew5czvnom3sb4q"
            ],
            "state": "AVAILABLE",
            "subnet_domain_name": null,
            "time_created": "2023-12-11 09:59:45.914 +0000 UTC",
            "timeouts": null,
            "vcn_id": "ocid1.vcn.oc1.eu-frankfurt-1.amaaaaaacrw3deaalfkczjo74pjvkgm2k6eflidbklpsqt322owv63ft6yuq",
            "virtual_router_ip": "10.10.1.1",
            "virtual_router_mac": "00:00:17:84:57:F2"
          },
          "sensitive_attributes": [],
          "private": "eyJlMmJmYjczMC1lY2FhLTExZTYtOGY4OC0zNDM2M2JjN2M0YzAiOnsiY3JlYXRlIjoxMjAwMDAwMDAwMDAwLCJkZWxldGUiOjEyMDAwMDAwMDAwMDAsInVwZGF0ZSI6MTIwMDAwMDAwMDAwMH19",
          "dependencies": [
            "module.vcn.data.oci_core_services.all_oci_services",
            "module.vcn.oci_core_nat_gateway.nat_gateway",
            "module.vcn.oci_core_route_table.nat",
            "module.vcn.oci_core_service_gateway.service_gateway",
            "module.vcn.oci_core_vcn.vcn",
            "oci_core_security_list.private-security-list",
            "oci_identity_compartment.tf-compartment"
          ]
        }
      ]
    },
    {
      "mode": "managed",
      "type": "oci_core_subnet",
      "name": "vcn-public-subnet",
      "provider": "provider[\"registry.terraform.io/oracle/oci\"]",
      "instances": [
        {
          "schema_version": 0,
          "attributes": {
            "availability_domain": null,
            "cidr_block": "10.10.0.0/24",
            "compartment_id": "ocid1.compartment.oc1..aaaaaaaavevifkiz56pfyb6j4b3pgbdlr2vkez2on3nlhzbpa6potwprrykq",
            "defined_tags": {
              "Oracle-Tags.CreatedBy": "default/steve.libaros@atos.net",
              "Oracle-Tags.CreatedOn": "2023-12-11T09:59:44.866Z"
            },
            "dhcp_options_id": "ocid1.dhcpoptions.oc1.eu-frankfurt-1.aaaaaaaaq6yy2gsjfhx2kqieaysgx37igs2lwsowlqfq63vffuy3tacihhlq",
            "display_name": "public-subnet",
            "dns_label": null,
            "freeform_tags": {},
            "id": "ocid1.subnet.oc1.eu-frankfurt-1.aaaaaaaa2ogrrxfwi2tp4j5c3swjowsskxh53drer5vvp5dxpdge5hkn7zzq",
            "ipv6cidr_block": null,
            "ipv6cidr_blocks": [],
            "ipv6virtual_router_ip": null,
            "prohibit_internet_ingress": false,
            "prohibit_public_ip_on_vnic": false,
            "route_table_id": "ocid1.routetable.oc1.eu-frankfurt-1.aaaaaaaatg4asxig2qyrhziwidynzcuomrp6x5vchkrhvhaaaudfj3lphvka",
            "security_list_ids": [
              "ocid1.securitylist.oc1.eu-frankfurt-1.aaaaaaaawmsymmiagvj2n32a2hqhve55ogdo2y566waduixd5aviskddo6sq"
            ],
            "state": "AVAILABLE",
            "subnet_domain_name": null,
            "time_created": "2023-12-11 09:59:44.906 +0000 UTC",
            "timeouts": null,
            "vcn_id": "ocid1.vcn.oc1.eu-frankfurt-1.amaaaaaacrw3deaalfkczjo74pjvkgm2k6eflidbklpsqt322owv63ft6yuq",
            "virtual_router_ip": "10.10.0.1",
            "virtual_router_mac": "00:00:17:84:57:F2"
          },
          "sensitive_attributes": [],
          "private": "eyJlMmJmYjczMC1lY2FhLTExZTYtOGY4OC0zNDM2M2JjN2M0YzAiOnsiY3JlYXRlIjoxMjAwMDAwMDAwMDAwLCJkZWxldGUiOjEyMDAwMDAwMDAwMDAsInVwZGF0ZSI6MTIwMDAwMDAwMDAwMH19",
          "dependencies": [
            "module.vcn.oci_core_internet_gateway.ig",
            "module.vcn.oci_core_route_table.ig",
            "module.vcn.oci_core_vcn.vcn",
            "oci_core_security_list.public-security-list",
            "oci_identity_compartment.tf-compartment"
          ]
        }
      ]
    },
    {
      "mode": "managed",
      "type": "oci_identity_compartment",
      "name": "tf-compartment",
      "provider": "provider[\"registry.terraform.io/oracle/oci\"]",
      "instances": [
        {
          "schema_version": 0,
          "attributes": {
            "compartment_id": "ocid1.compartment.oc1..aaaaaaaal6srwfib76rpnqymsycauxjj6uj7e356tn3cgfy3slni44bh4xnq",
            "defined_tags": {
              "Oracle-Tags.CreatedBy": "default/steve.libaros@atos.net",
              "Oracle-Tags.CreatedOn": "2023-12-11T09:59:35.906Z"
            },
            "description": "Compartment for Terraform resources.",
            "enable_delete": null,
            "freeform_tags": {},
            "id": "ocid1.compartment.oc1..aaaaaaaavevifkiz56pfyb6j4b3pgbdlr2vkez2on3nlhzbpa6potwprrykq",
            "inactive_state": null,
            "is_accessible": true,
            "name": "TF-SRE",
            "state": "ACTIVE",
            "time_created": "2023-12-11 09:59:36.436 +0000 UTC",
            "timeouts": null
          },
          "sensitive_attributes": [],
          "private": "eyJlMmJmYjczMC1lY2FhLTExZTYtOGY4OC0zNDM2M2JjN2M0YzAiOnsiZGVsZXRlIjo1NDAwMDAwMDAwMDAwfX0="
        }
      ]
    },
    {
      "module": "module.vcn",
      "mode": "data",
      "type": "oci_core_services",
      "name": "all_oci_services",
      "provider": "provider[\"registry.terraform.io/oracle/oci\"]",
      "instances": [
        {
          "index_key": 0,
          "schema_version": 0,
          "attributes": {
            "filter": [
              {
                "name": "name",
                "regex": true,
                "values": [
                  "All .* Services In Oracle Services Network"
                ]
              }
            ],
            "id": "CoreServicesDataSource-0",
            "services": [
              {
                "cidr_block": "all-fra-services-in-oracle-services-network",
                "description": "All FRA Services In Oracle Services Network",
                "id": "ocid1.service.oc1.eu-frankfurt-1.aaaaaaaa7ncsqkj6lkz36dehifizupyn6qjqsmtepsegs23yyntnsy7qrvea",
                "name": "All FRA Services In Oracle Services Network"
              }
            ]
          },
          "sensitive_attributes": []
        }
      ]
    },
    {
      "module": "module.vcn",
      "mode": "managed",
      "type": "oci_core_default_security_list",
      "name": "lockdown",
      "provider": "provider[\"registry.terraform.io/oracle/oci\"]",
      "instances": [
        {
          "index_key": 0,
          "schema_version": 0,
          "attributes": {
            "compartment_id": "ocid1.compartment.oc1..aaaaaaaavevifkiz56pfyb6j4b3pgbdlr2vkez2on3nlhzbpa6potwprrykq",
            "defined_tags": {
              "Oracle-Tags.CreatedBy": "default/steve.libaros@atos.net",
              "Oracle-Tags.CreatedOn": "2023-12-11T09:59:43.387Z"
            },
            "display_name": "Default Security List for tf-sre-staging",
            "egress_security_rules": [],
            "freeform_tags": {
              "module": "oracle-terraform-modules/vcn/oci",
              "terraformed": "Please do not edit manually"
            },
            "id": "ocid1.securitylist.oc1.eu-frankfurt-1.aaaaaaaatzgvit5klvvchcgseummnptefsbgvrfcnszk5dgqtpmdkkkcqnxa",
            "ingress_security_rules": [],
            "manage_default_resource_id": "ocid1.securitylist.oc1.eu-frankfurt-1.aaaaaaaatzgvit5klvvchcgseummnptefsbgvrfcnszk5dgqtpmdkkkcqnxa",
            "state": "AVAILABLE",
            "time_created": "2023-12-11 09:59:43.465 +0000 UTC",
            "timeouts": null
          },
          "sensitive_attributes": [],
          "private": "eyJlMmJmYjczMC1lY2FhLTExZTYtOGY4OC0zNDM2M2JjN2M0YzAiOnsiY3JlYXRlIjoxMjAwMDAwMDAwMDAwLCJkZWxldGUiOjEyMDAwMDAwMDAwMDAsInVwZGF0ZSI6MTIwMDAwMDAwMDAwMH19",
          "dependencies": [
            "module.vcn.oci_core_vcn.vcn",
            "oci_identity_compartment.tf-compartment"
          ]
        }
      ]
    },
    {
      "module": "module.vcn",
      "mode": "managed",
      "type": "oci_core_internet_gateway",
      "name": "ig",
      "provider": "provider[\"registry.terraform.io/oracle/oci\"]",
      "instances": [
        {
          "index_key": 0,
          "schema_version": 0,
          "attributes": {
            "compartment_id": "ocid1.compartment.oc1..aaaaaaaavevifkiz56pfyb6j4b3pgbdlr2vkez2on3nlhzbpa6potwprrykq",
            "defined_tags": {
              "Oracle-Tags.CreatedBy": "default/steve.libaros@atos.net",
              "Oracle-Tags.CreatedOn": "2023-12-11T09:59:44.046Z"
            },
            "display_name": "internet-gateway",
            "enabled": true,
            "freeform_tags": {
              "module": "oracle-terraform-modules/vcn/oci",
              "terraformed": "Please do not edit manually"
            },
            "id": "ocid1.internetgateway.oc1.eu-frankfurt-1.aaaaaaaause6afhgaveykctrqtapwy5a2zswh5hari6rf3hrbbmo4kz27pxa",
            "route_table_id": null,
            "state": "AVAILABLE",
            "time_created": "2023-12-11 09:59:44.076 +0000 UTC",
            "timeouts": null,
            "vcn_id": "ocid1.vcn.oc1.eu-frankfurt-1.amaaaaaacrw3deaalfkczjo74pjvkgm2k6eflidbklpsqt322owv63ft6yuq"
          },
          "sensitive_attributes": [],
          "private": "eyJlMmJmYjczMC1lY2FhLTExZTYtOGY4OC0zNDM2M2JjN2M0YzAiOnsiY3JlYXRlIjoxMjAwMDAwMDAwMDAwLCJkZWxldGUiOjEyMDAwMDAwMDAwMDAsInVwZGF0ZSI6MTIwMDAwMDAwMDAwMH19",
          "dependencies": [
            "module.vcn.oci_core_vcn.vcn",
            "oci_identity_compartment.tf-compartment"
          ]
        }
      ]
    },
    {
      "module": "module.vcn",
      "mode": "managed",
      "type": "oci_core_nat_gateway",
      "name": "nat_gateway",
      "provider": "provider[\"registry.terraform.io/oracle/oci\"]",
      "instances": [
        {
          "index_key": 0,
          "schema_version": 0,
          "attributes": {
            "block_traffic": false,
            "compartment_id": "ocid1.compartment.oc1..aaaaaaaavevifkiz56pfyb6j4b3pgbdlr2vkez2on3nlhzbpa6potwprrykq",
            "defined_tags": {
              "Oracle-Tags.CreatedBy": "default/steve.libaros@atos.net",
              "Oracle-Tags.CreatedOn": "2023-12-11T09:59:44.136Z"
            },
            "display_name": "nat-gateway",
            "freeform_tags": {
              "module": "oracle-terraform-modules/vcn/oci",
              "terraformed": "Please do not edit manually"
            },
            "id": "ocid1.natgateway.oc1.eu-frankfurt-1.aaaaaaaadltb3v33d3kvug7thgqi3cg6sbvlzknryneq7ehggzvpqcxulaxa",
            "nat_ip": "144.24.184.165",
            "public_ip_id": "ocid1.publicip.oc1.eu-frankfurt-1.aaaaaaaau23mofsoux4ynojfkkcyxdcpvvyy6c2sqaii4s5r7bp55rgzm2dq",
            "route_table_id": null,
            "state": "AVAILABLE",
            "time_created": "2023-12-11 09:59:44.477 +0000 UTC",
            "timeouts": null,
            "vcn_id": "ocid1.vcn.oc1.eu-frankfurt-1.amaaaaaacrw3deaalfkczjo74pjvkgm2k6eflidbklpsqt322owv63ft6yuq"
          },
          "sensitive_attributes": [],
          "private": "eyJlMmJmYjczMC1lY2FhLTExZTYtOGY4OC0zNDM2M2JjN2M0YzAiOnsiY3JlYXRlIjoxMjAwMDAwMDAwMDAwLCJkZWxldGUiOjEyMDAwMDAwMDAwMDAsInVwZGF0ZSI6MTIwMDAwMDAwMDAwMH19",
          "dependencies": [
            "module.vcn.oci_core_vcn.vcn",
            "oci_identity_compartment.tf-compartment"
          ]
        }
      ]
    },
    {
      "module": "module.vcn",
      "mode": "managed",
      "type": "oci_core_route_table",
      "name": "ig",
      "provider": "provider[\"registry.terraform.io/oracle/oci\"]",
      "instances": [
        {
          "index_key": 0,
          "schema_version": 0,
          "attributes": {
            "compartment_id": "ocid1.compartment.oc1..aaaaaaaavevifkiz56pfyb6j4b3pgbdlr2vkez2on3nlhzbpa6potwprrykq",
            "defined_tags": {
              "Oracle-Tags.CreatedBy": "default/steve.libaros@atos.net",
              "Oracle-Tags.CreatedOn": "2023-12-11T09:59:44.483Z"
            },
            "display_name": "internet-route",
            "freeform_tags": {
              "module": "oracle-terraform-modules/vcn/oci",
              "terraformed": "Please do not edit manually"
            },
            "id": "ocid1.routetable.oc1.eu-frankfurt-1.aaaaaaaatg4asxig2qyrhziwidynzcuomrp6x5vchkrhvhaaaudfj3lphvka",
            "route_rules": [
              {
                "cidr_block": "",
                "description": "Terraformed - Auto-generated at Internet Gateway creation: Internet Gateway as default gateway",
                "destination": "0.0.0.0/0",
                "destination_type": "CIDR_BLOCK",
                "network_entity_id": "ocid1.internetgateway.oc1.eu-frankfurt-1.aaaaaaaause6afhgaveykctrqtapwy5a2zswh5hari6rf3hrbbmo4kz27pxa",
                "route_type": ""
              }
            ],
            "state": "AVAILABLE",
            "time_created": "2023-12-11 09:59:44.497 +0000 UTC",
            "timeouts": null,
            "vcn_id": "ocid1.vcn.oc1.eu-frankfurt-1.amaaaaaacrw3deaalfkczjo74pjvkgm2k6eflidbklpsqt322owv63ft6yuq"
          },
          "sensitive_attributes": [],
          "private": "eyJlMmJmYjczMC1lY2FhLTExZTYtOGY4OC0zNDM2M2JjN2M0YzAiOnsiY3JlYXRlIjoxMjAwMDAwMDAwMDAwLCJkZWxldGUiOjEyMDAwMDAwMDAwMDAsInVwZGF0ZSI6MTIwMDAwMDAwMDAwMH19",
          "dependencies": [
            "module.vcn.oci_core_internet_gateway.ig",
            "module.vcn.oci_core_vcn.vcn",
            "oci_identity_compartment.tf-compartment"
          ]
        }
      ]
    },
    {
      "module": "module.vcn",
      "mode": "managed",
      "type": "oci_core_route_table",
      "name": "nat",
      "provider": "provider[\"registry.terraform.io/oracle/oci\"]",
      "instances": [
        {
          "index_key": 0,
          "schema_version": 0,
          "attributes": {
            "compartment_id": "ocid1.compartment.oc1..aaaaaaaavevifkiz56pfyb6j4b3pgbdlr2vkez2on3nlhzbpa6potwprrykq",
            "defined_tags": {
              "Oracle-Tags.CreatedBy": "default/steve.libaros@atos.net",
              "Oracle-Tags.CreatedOn": "2023-12-11T09:59:45.472Z"
            },
            "display_name": "nat-route",
            "freeform_tags": {
              "module": "oracle-terraform-modules/vcn/oci",
              "terraformed": "Please do not edit manually"
            },
            "id": "ocid1.routetable.oc1.eu-frankfurt-1.aaaaaaaa37ayslywtxs3iacfa6xc3f4ebvdvcbqc7tclziatvl7q2ja4ng4a",
            "route_rules": [
              {
                "cidr_block": "",
                "description": "Terraformed - Auto-generated at NAT Gateway creation: NAT Gateway as default gateway",
                "destination": "0.0.0.0/0",
                "destination_type": "CIDR_BLOCK",
                "network_entity_id": "ocid1.natgateway.oc1.eu-frankfurt-1.aaaaaaaadltb3v33d3kvug7thgqi3cg6sbvlzknryneq7ehggzvpqcxulaxa",
                "route_type": ""
              },
              {
                "cidr_block": "",
                "description": "Terraformed - Auto-generated at Service Gateway creation: All Services in region to Service Gateway",
                "destination": "all-fra-services-in-oracle-services-network",
                "destination_type": "SERVICE_CIDR_BLOCK",
                "network_entity_id": "ocid1.servicegateway.oc1.eu-frankfurt-1.aaaaaaaamwrncmqnr2oov3lzs72z2b2muruuce5s7hnbkx47jnbtpjgsthpq",
                "route_type": ""
              }
            ],
            "state": "AVAILABLE",
            "time_created": "2023-12-11 09:59:45.496 +0000 UTC",
            "timeouts": null,
            "vcn_id": "ocid1.vcn.oc1.eu-frankfurt-1.amaaaaaacrw3deaalfkczjo74pjvkgm2k6eflidbklpsqt322owv63ft6yuq"
          },
          "sensitive_attributes": [],
          "private": "eyJlMmJmYjczMC1lY2FhLTExZTYtOGY4OC0zNDM2M2JjN2M0YzAiOnsiY3JlYXRlIjoxMjAwMDAwMDAwMDAwLCJkZWxldGUiOjEyMDAwMDAwMDAwMDAsInVwZGF0ZSI6MTIwMDAwMDAwMDAwMH19",
          "dependencies": [
            "module.vcn.data.oci_core_services.all_oci_services",
            "module.vcn.oci_core_nat_gateway.nat_gateway",
            "module.vcn.oci_core_service_gateway.service_gateway",
            "module.vcn.oci_core_vcn.vcn",
            "oci_identity_compartment.tf-compartment"
          ]
        }
      ]
    },
    {
      "module": "module.vcn",
      "mode": "managed",
      "type": "oci_core_service_gateway",
      "name": "service_gateway",
      "provider": "provider[\"registry.terraform.io/oracle/oci\"]",
      "instances": [
        {
          "index_key": 0,
          "schema_version": 0,
          "attributes": {
            "block_traffic": false,
            "compartment_id": "ocid1.compartment.oc1..aaaaaaaavevifkiz56pfyb6j4b3pgbdlr2vkez2on3nlhzbpa6potwprrykq",
            "defined_tags": {
              "Oracle-Tags.CreatedBy": "default/steve.libaros@atos.net",
              "Oracle-Tags.CreatedOn": "2023-12-11T09:59:44.116Z"
            },
            "display_name": "service-gateway",
            "freeform_tags": {
              "module": "oracle-terraform-modules/vcn/oci",
              "terraformed": "Please do not edit manually"
            },
            "id": "ocid1.servicegateway.oc1.eu-frankfurt-1.aaaaaaaamwrncmqnr2oov3lzs72z2b2muruuce5s7hnbkx47jnbtpjgsthpq",
            "route_table_id": null,
            "services": [
              {
                "service_id": "ocid1.service.oc1.eu-frankfurt-1.aaaaaaaa7ncsqkj6lkz36dehifizupyn6qjqsmtepsegs23yyntnsy7qrvea",
                "service_name": "All FRA Services In Oracle Services Network"
              }
            ],
            "state": "AVAILABLE",
            "time_created": "2023-12-11 09:59:44.548 +0000 UTC",
            "timeouts": null,
            "vcn_id": "ocid1.vcn.oc1.eu-frankfurt-1.amaaaaaacrw3deaalfkczjo74pjvkgm2k6eflidbklpsqt322owv63ft6yuq"
          },
          "sensitive_attributes": [],
          "private": "eyJlMmJmYjczMC1lY2FhLTExZTYtOGY4OC0zNDM2M2JjN2M0YzAiOnsiY3JlYXRlIjoxMjAwMDAwMDAwMDAwLCJkZWxldGUiOjEyMDAwMDAwMDAwMDAsInVwZGF0ZSI6MTIwMDAwMDAwMDAwMH19",
          "dependencies": [
            "module.vcn.data.oci_core_services.all_oci_services",
            "module.vcn.oci_core_vcn.vcn",
            "oci_identity_compartment.tf-compartment"
          ]
        }
      ]
    },
    {
      "module": "module.vcn",
      "mode": "managed",
      "type": "oci_core_vcn",
      "name": "vcn",
      "provider": "provider[\"registry.terraform.io/oracle/oci\"]",
      "instances": [
        {
          "schema_version": 0,
          "attributes": {
            "byoipv6cidr_blocks": [],
            "byoipv6cidr_details": [],
            "cidr_block": "10.10.0.0/16",
            "cidr_blocks": [
              "10.10.0.0/16"
            ],
            "compartment_id": "ocid1.compartment.oc1..aaaaaaaavevifkiz56pfyb6j4b3pgbdlr2vkez2on3nlhzbpa6potwprrykq",
            "default_dhcp_options_id": "ocid1.dhcpoptions.oc1.eu-frankfurt-1.aaaaaaaaq6yy2gsjfhx2kqieaysgx37igs2lwsowlqfq63vffuy3tacihhlq",
            "default_route_table_id": "ocid1.routetable.oc1.eu-frankfurt-1.aaaaaaaasg3z6wlzhw3ra3fnsffqadyimld24mok3mro43i6dg2wlgb2sfsa",
            "default_security_list_id": "ocid1.securitylist.oc1.eu-frankfurt-1.aaaaaaaatzgvit5klvvchcgseummnptefsbgvrfcnszk5dgqtpmdkkkcqnxa",
            "defined_tags": {
              "Oracle-Tags.CreatedBy": "default/steve.libaros@atos.net",
              "Oracle-Tags.CreatedOn": "2023-12-11T09:59:43.387Z"
            },
            "display_name": "tf-sre-staging",
            "dns_label": "vcnmodule",
            "freeform_tags": {
              "module": "oracle-terraform-modules/vcn/oci",
              "terraformed": "Please do not edit manually"
            },
            "id": "ocid1.vcn.oc1.eu-frankfurt-1.amaaaaaacrw3deaalfkczjo74pjvkgm2k6eflidbklpsqt322owv63ft6yuq",
            "ipv6cidr_blocks": [],
            "ipv6private_cidr_blocks": [],
            "is_ipv6enabled": false,
            "is_oracle_gua_allocation_enabled": null,
            "state": "AVAILABLE",
            "time_created": "2023-12-11 09:59:43.465 +0000 UTC",
            "timeouts": null,
            "vcn_domain_name": "vcnmodule.oraclevcn.com"
          },
          "sensitive_attributes": [],
          "private": "eyJlMmJmYjczMC1lY2FhLTExZTYtOGY4OC0zNDM2M2JjN2M0YzAiOnsiY3JlYXRlIjoxMjAwMDAwMDAwMDAwLCJkZWxldGUiOjEyMDAwMDAwMDAwMDAsInVwZGF0ZSI6MTIwMDAwMDAwMDAwMH19",
          "dependencies": [
            "oci_identity_compartment.tf-compartment"
          ]
        }
      ]
    }
  ],
  "check_results": null
}
